
Microsoft Visual Studio Solution File, Format Version 12.00
# Visual Studio Version 16
VisualStudioVersion = 16.0.30709.132
MinimumVisualStudioVersion = 10.0.40219.1
Project("{9A19103F-16F7-4668-BE54-9A1E7A4F7556}") = "microCMS.SDK", "microCMS.SDK\microCMS.SDK.csproj", "{94EBD310-AD05-4F21-B499-228DACC942E1}"
EndProject
Project("{9A19103F-16F7-4668-BE54-9A1E7A4F7556}") = "microCMS.SDK.Tests", "microCMS.SDK.Tests\microCMS.SDK.Tests.csproj", "{A03A4249-8B6D-428A-9FAC-6096ABE30E62}"
EndProject
Global
	GlobalSection(SolutionConfigurationPlatforms) = preSolution
		Debug|Any CPU = Debug|Any CPU
		Release|Any CPU = Release|Any CPU
	EndGlobalSection
	GlobalSection(ProjectConfigurationPlatforms) = postSolution
		{94EBD310-AD05-4F21-B499-228DACC942E1}.Debug|Any CPU.ActiveCfg = Debug|Any CPU
		{94EBD310-AD05-4F21-B499-228DACC942E1}.Debug|Any CPU.Build.0 = Debug|Any CPU
		{94EBD310-AD05-4F21-B499-228DACC942E1}.Release|Any CPU.ActiveCfg = Release|Any CPU
		{94EBD310-AD05-4F21-B499-228DACC942E1}.Release|Any CPU.Build.0 = Release|Any CPU
		{A03A4249-8B6D-428A-9FAC-6096ABE30E62}.Debug|Any CPU.ActiveCfg = Debug|Any CPU
		{A03A4249-8B6D-428A-9FAC-6096ABE30E62}.Debug|Any CPU.Build.0 = Debug|Any CPU
		{A03A4249-8B6D-428A-9FAC-6096ABE30E62}.Release|Any CPU.ActiveCfg = Release|Any CPU
		{A03A4249-8B6D-428A-9FAC-6096ABE30E62}.Release|Any CPU.Build.0 = Release|Any CPU
	EndGlobalSection
	GlobalSection(SolutionProperties) = preSolution
		HideSolutionNode = FALSE
	EndGlobalSection
	GlobalSection(ExtensibilityGlobals) = postSolution
		SolutionGuid = {4E79D57F-7345-432E-8EB0-36472C3329AD}
	EndGlobalSection
EndGlobal
